Microsoft Visual Studio Solution File, Format Version 12.00
# Visual Studio 15
VisualStudioVersion = 15.0.27130.2036
MinimumVisualStudioVersion = 10.0.40219.1
Project("{2150E333-8FDC-42A3-9474-1A3956D46DE8}") = "src", "src", "{09B558A7-15D0-400E-A09B-97988F7587EF}"
EndProject
Project("{9A19103F-16F7-4668-BE54-9A1E7A4F7556}") = "PTV.Application.Web", "src\PTV.Application.Web\PTV.Application.Web.csproj", "{5838711F-E008-4246-9BE1-E6C6688A43D7}"
EndProject
Project("{9A19103F-16F7-4668-BE54-9A1E7A4F7556}") = "PTV.Database.Model", "src\PTV.Database.Model\PTV.Database.Model.csproj", "{DF26EE5E-1887-472B-A728-65044C760AE1}"
EndProject
Project("{9A19103F-16F7-4668-BE54-9A1E7A4F7556}") = "PTV.Database.DataAccess", "src\PTV.Database.DataAccess\PTV.Database.DataAccess.csproj", "{E6CFEF6C-1818-4074-8898-75A8E116E5EE}"
EndProject
Project("{2150E333-8FDC-42A3-9474-1A3956D46DE8}") = "standalone", "standalone", "{9B581E73-A58A-4664-A04F-91E5071782AA}"
EndProject
Project("{9A19103F-16F7-4668-BE54-9A1E7A4F7556}") = "DockerDeployService", "DockerDeployService\DockerDeployService.csproj", "{7E49F8C5-6226-4676-B6A9-9D5B195E2FC7}"
EndProject
Project("{9A19103F-16F7-4668-BE54-9A1E7A4F7556}") = "PTV.TaskScheduler", "src\PTV.TaskScheduler\PTV.TaskScheduler.csproj", "{FB6DEDF8-778A-438D-A3CC-383AFB1642A0}"
EndProject
Project("{9A19103F-16F7-4668-BE54-9A1E7A4F7556}") = "PTV.Application.Api", "src\PTV.Application.Api\PTV.Application.Api.csproj", "{1EB5F801-3BFE-4516-84C5-371DBF7034DC}"
EndProject
Project("{9A19103F-16F7-4668-BE54-9A1E7A4F7556}") = "PTV.Application.Framework", "src\PTV.Application.Framework\PTV.Application.Framework.csproj", "{14FC533D-D352-43DA-8D60-21E9CD3F2992}"
EndProject
Project("{9A19103F-16F7-4668-BE54-9A1E7A4F7556}") = "PTV.Application.OpenApi", "src\PTV.Application.OpenApi\PTV.Application.OpenApi.csproj", "{283DC756-5C04-4B3D-B28F-0682901A8535}"
EndProject
Project("{9A19103F-16F7-4668-BE54-9A1E7A4F7556}") = "PTV.Database.DataAccess.Interfaces", "src\PTV.Database.DataAccess.Interfaces\PTV.Database.DataAccess.Interfaces.csproj", "{2E800409-2FAC-4EDB-849D-628ED61171D6}"
EndProject
Project("{9A19103F-16F7-4668-BE54-9A1E7A4F7556}") = "PTV.DataImport.Console", "src\PTV.DataImport.Console\PTV.DataImport.Console.csproj", "{D4FAF96A-7C52-45F1-83D4-EDBFDCB599AD}"
EndProject
Project("{9A19103F-16F7-4668-BE54-9A1E7A4F7556}") = "PTV.Domain.Logic", "src\PTV.Domain.Logic\PTV.Domain.Logic.csproj", "{F575D3C4-26F6-4A91-A049-4EDF659AE936}"
EndProject
Project("{9A19103F-16F7-4668-BE54-9A1E7A4F7556}") = "PTV.Domain.Model", "src\PTV.Domain.Model\PTV.Domain.Model.csproj", "{0F9EAE6D-3AD5-43DF-AED5-41F1FF19B4F3}"
EndProject
Project("{9A19103F-16F7-4668-BE54-9A1E7A4F7556}") = "PTV.ExternalSources", "src\PTV.ExternalSources\PTV.ExternalSources.csproj", "{51B2714E-8C0F-4352-AC48-32CC21808172}"
EndProject
Project("{9A19103F-16F7-4668-BE54-9A1E7A4F7556}") = "PTV.Framework", "src\PTV.Framework\PTV.Framework.csproj", "{BED5EA76-DF28-4364-B9BB-83C9F88A8ADF}"
EndProject
Project("{9A19103F-16F7-4668-BE54-9A1E7A4F7556}") = "PTV.Framework.Interfaces", "src\PTV.Framework.Interfaces\PTV.Framework.Interfaces.csproj", "{2D266296-97BC-437D-9C3D-0B6C1EB30AD0}"
EndProject
Project("{9A19103F-16F7-4668-BE54-9A1E7A4F7556}") = "PTV.Logging", "src\PTV.Logging\PTV.Logging.csproj", "{570431CF-C5AA-4793-BFB0-B924E6DD6848}"
EndProject
Project("{9A19103F-16F7-4668-BE54-9A1E7A4F7556}") = "PTV.ToolUtilities", "src\PTV.ToolUtilities\PTV.ToolUtilities.csproj", "{62E5645B-657C-4BA9-B302-40ADD865D074}"
EndProject
Project("{2150E333-8FDC-42A3-9474-1A3956D46DE8}") = "test", "test", "{7D32B1E5-4ED2-49F7-A4B4-B9ADF663C9BE}"
EndProject
Project("{9A19103F-16F7-4668-BE54-9A1E7A4F7556}") = "PTV.Application.OpenApi.Tests", "test\PTV.Application.OpenApi.Tests\PTV.Application.OpenApi.Tests.csproj", "{031047EA-2224-4F49-8241-B1C538E9B781}"
EndProject
Project("{9A19103F-16F7-4668-BE54-9A1E7A4F7556}") = "PTV.Database.DataAccess.Tests", "test\PTV.Database.DataAccess.Tests\PTV.Database.DataAccess.Tests.csproj", "{75E56B6E-7663-4507-A431-347917E8999E}"
EndProject
Project("{9A19103F-16F7-4668-BE54-9A1E7A4F7556}") = "PTV.Database.Model.Tests", "test\PTV.Database.Model.Tests\PTV.Database.Model.Tests.csproj", "{3C6F5627-4768-4AAC-8B69-E9C6148C8023}"
EndProject
Project("{9A19103F-16F7-4668-BE54-9A1E7A4F7556}") = "PTV.Domain.Logic.Tests", "test\PTV.Domain.Logic.Tests\PTV.Domain.Logic.Tests.csproj", "{126398F0-9C84-4B23-A593-815CDDB73150}"
EndProject
Project("{9A19103F-16F7-4668-BE54-9A1E7A4F7556}") = "PTV.Domain.Model.Tests", "test\PTV.Domain.Model.Tests\PTV.Domain.Model.Tests.csproj", "{B2BF6568-2B89-4F20-AEE0-F3E7907C5CC6}"
EndProject
Project("{9A19103F-16F7-4668-BE54-9A1E7A4F7556}") = "PTV.ExternalSources.Tests", "test\PTV.ExternalSources.Tests\PTV.ExternalSources.Tests.csproj", "{E27C2464-7686-4256-A81D-A4F79ECC88D2}"
EndProject
Project("{9A19103F-16F7-4668-BE54-9A1E7A4F7556}") = "PTV.Framework.Tests", "test\PTV.Framework.Tests\PTV.Framework.Tests.csproj", "{091B66FA-DAFA-4DB3-BF6E-B8524B5679AA}"
EndProject
Project("{9A19103F-16F7-4668-BE54-9A1E7A4F7556}") = "PTV.SoapServices", "src\PTV.SoapServices\PTV.SoapServices.csproj", "{82589589-868E-4CBD-AB9A-B9CBA1AA5F02}"
EndProject
Project("{9A19103F-16F7-4668-BE54-9A1E7A4F7556}") = "PTV.IdentityUserManager", "src\PTV.IdentityUserManager\PTV.IdentityUserManager.csproj", "{4A03E650-5AB3-4950-ACD0-3FB6E4821EBB}"
EndProject
Project("{9A19103F-16F7-4668-BE54-9A1E7A4F7556}") = "PTV.LocalAuthentication", "src\PTV.LocalAuthentication\PTV.LocalAuthentication.csproj", "{57F5665E-021B-416D-9322-97DCCFF833D4}"
EndProject
Project("{FAE04EC0-301F-11D3-BF4B-00C04F79EFBC}") = "PTV.Database.DataAccess.DirectRaw", "src\PTV.Database.DataAccess.DirectRaw\PTV.Database.DataAccess.DirectRaw.csproj", "{6B20E060-220F-4012-AC65-79DD96597217}"
EndProject
Project("{FAE04EC0-301F-11D3-BF4B-00C04F79EFBC}") = "PTV.LocalizationTool.App", "tools\PTV.LocalizationTool.App\PTV.LocalizationTool.App.csproj", "{6075A285-80DE-4B79-A114-C75E67931626}"
EndProject
Project("{FAE04EC0-301F-11D3-BF4B-00C04F79EFBC}") = "PTV.Database.Migrations", "src\PTV.Database.Migrations\PTV.Database.Migrations.csproj", "{56FF8DA6-8989-4A67-9550-3D41A6B42907}"
EndProject
Project("{FAE04EC0-301F-11D3-BF4B-00C04F79EFBC}") = "PTV.SignalR", "src\PTV.SignalR\PTV.SignalR.csproj", "{DDCEE15E-B49F-42D4-83CB-EA8166EEC42D}"
EndProject
Project("{FAE04EC0-301F-11D3-BF4B-00C04F79EFBC}") = "PTV.NetworkServices", "src\PTV.NetworkServices\PTV.NetworkServices.csproj", "{E02F30D4-4B5C-41D3-9363-50D55010ACB3}"
EndProject
Project("{FAE04EC0-301F-11D3-BF4B-00C04F79EFBC}") = "LinqToDapper", "tools\LinqToDapper\LinqToDapper.csproj", "{1EA64142-B947-4CA7-8080-EDFB8201B9EF}"
EndProject
Project("{FAE04EC0-301F-11D3-BF4B-00C04F79EFBC}") = "PTV.Localization.Services", "src\PTV.Localization.Services\PTV.Localization.Services.csproj", "{C03A4825-ACBC-4395-8B2C-0B74CF7613DA}"
EndProject
Project("{FAE04EC0-301F-11D3-BF4B-00C04F79EFBC}") = "PTV.Localization.Services.Tests", "test\PTV.Localization.Services.Tests\PTV.Localization.Services.Tests.csproj", "{0AE04967-50E4-4953-9767-0FA3AA757C8F}"
EndProject
Global
	GlobalSection(SolutionConfigurationPlatforms) = preSolution
		Debug|Any CPU = Debug|Any CPU
		Release|Any CPU = Release|Any CPU
	EndGlobalSection
	GlobalSection(ProjectConfigurationPlatforms) = postSolution
		{5838711F-E008-4246-9BE1-E6C6688A43D7}.Debug|Any CPU.ActiveCfg = Debug|Any CPU
		{5838711F-E008-4246-9BE1-E6C6688A43D7}.Debug|Any CPU.Build.0 = Debug|Any CPU
		{5838711F-E008-4246-9BE1-E6C6688A43D7}.Release|Any CPU.ActiveCfg = Release|Any CPU
		{5838711F-E008-4246-9BE1-E6C6688A43D7}.Release|Any CPU.Build.0 = Release|Any CPU
		{DF26EE5E-1887-472B-A728-65044C760AE1}.Debug|Any CPU.ActiveCfg = Debug|Any CPU
		{DF26EE5E-1887-472B-A728-65044C760AE1}.Debug|Any CPU.Build.0 = Debug|Any CPU
		{DF26EE5E-1887-472B-A728-65044C760AE1}.Release|Any CPU.ActiveCfg = Release|Any CPU
		{DF26EE5E-1887-472B-A728-65044C760AE1}.Release|Any CPU.Build.0 = Release|Any CPU
		{E6CFEF6C-1818-4074-8898-75A8E116E5EE}.Debug|Any CPU.ActiveCfg = Debug|Any CPU
		{E6CFEF6C-1818-4074-8898-75A8E116E5EE}.Debug|Any CPU.Build.0 = Debug|Any CPU
		{E6CFEF6C-1818-4074-8898-75A8E116E5EE}.Release|Any CPU.ActiveCfg = Release|Any CPU
		{E6CFEF6C-1818-4074-8898-75A8E116E5EE}.Release|Any CPU.Build.0 = Release|Any CPU
		{7E49F8C5-6226-4676-B6A9-9D5B195E2FC7}.Debug|Any CPU.ActiveCfg = Debug|Any CPU
		{7E49F8C5-6226-4676-B6A9-9D5B195E2FC7}.Debug|Any CPU.Build.0 = Debug|Any CPU
		{7E49F8C5-6226-4676-B6A9-9D5B195E2FC7}.Release|Any CPU.ActiveCfg = Release|Any CPU
		{7E49F8C5-6226-4676-B6A9-9D5B195E2FC7}.Release|Any CPU.Build.0 = Release|Any CPU
		{FB6DEDF8-778A-438D-A3CC-383AFB1642A0}.Debug|Any CPU.ActiveCfg = Debug|Any CPU
		{FB6DEDF8-778A-438D-A3CC-383AFB1642A0}.Debug|Any CPU.Build.0 = Debug|Any CPU
		{FB6DEDF8-778A-438D-A3CC-383AFB1642A0}.Release|Any CPU.ActiveCfg = Release|Any CPU
		{FB6DEDF8-778A-438D-A3CC-383AFB1642A0}.Release|Any CPU.Build.0 = Release|Any CPU
		{1EB5F801-3BFE-4516-84C5-371DBF7034DC}.Debug|Any CPU.ActiveCfg = Debug|Any CPU
		{1EB5F801-3BFE-4516-84C5-371DBF7034DC}.Debug|Any CPU.Build.0 = Debug|Any CPU
		{1EB5F801-3BFE-4516-84C5-371DBF7034DC}.Release|Any CPU.ActiveCfg = Release|Any CPU
		{1EB5F801-3BFE-4516-84C5-371DBF7034DC}.Release|Any CPU.Build.0 = Release|Any CPU
		{14FC533D-D352-43DA-8D60-21E9CD3F2992}.Debug|Any CPU.ActiveCfg = Debug|Any CPU
		{14FC533D-D352-43DA-8D60-21E9CD3F2992}.Debug|Any CPU.Build.0 = Debug|Any CPU
		{14FC533D-D352-43DA-8D60-21E9CD3F2992}.Release|Any CPU.ActiveCfg = Release|Any CPU
		{14FC533D-D352-43DA-8D60-21E9CD3F2992}.Release|Any CPU.Build.0 = Release|Any CPU
		{283DC756-5C04-4B3D-B28F-0682901A8535}.Debug|Any CPU.ActiveCfg = Debug|Any CPU
		{283DC756-5C04-4B3D-B28F-0682901A8535}.Debug|Any CPU.Build.0 = Debug|Any CPU
		{283DC756-5C04-4B3D-B28F-0682901A8535}.Release|Any CPU.ActiveCfg = Release|Any CPU
		{283DC756-5C04-4B3D-B28F-0682901A8535}.Release|Any CPU.Build.0 = Release|Any CPU
		{2E800409-2FAC-4EDB-849D-628ED61171D6}.Debug|Any CPU.ActiveCfg = Debug|Any CPU
		{2E800409-2FAC-4EDB-849D-628ED61171D6}.Debug|Any CPU.Build.0 = Debug|Any CPU
		{2E800409-2FAC-4EDB-849D-628ED61171D6}.Release|Any CPU.ActiveCfg = Release|Any CPU
		{2E800409-2FAC-4EDB-849D-628ED61171D6}.Release|Any CPU.Build.0 = Release|Any CPU
		{D4FAF96A-7C52-45F1-83D4-EDBFDCB599AD}.Debug|Any CPU.ActiveCfg = Debug|Any CPU
		{D4FAF96A-7C52-45F1-83D4-EDBFDCB599AD}.Debug|Any CPU.Build.0 = Debug|Any CPU
		{D4FAF96A-7C52-45F1-83D4-EDBFDCB599AD}.Release|Any CPU.ActiveCfg = Release|Any CPU
		{D4FAF96A-7C52-45F1-83D4-EDBFDCB599AD}.Release|Any CPU.Build.0 = Release|Any CPU
		{F575D3C4-26F6-4A91-A049-4EDF659AE936}.Debug|Any CPU.ActiveCfg = Debug|Any CPU
		{F575D3C4-26F6-4A91-A049-4EDF659AE936}.Debug|Any CPU.Build.0 = Debug|Any CPU
		{F575D3C4-26F6-4A91-A049-4EDF659AE936}.Release|Any CPU.ActiveCfg = Release|Any CPU
		{F575D3C4-26F6-4A91-A049-4EDF659AE936}.Release|Any CPU.Build.0 = Release|Any CPU
		{0F9EAE6D-3AD5-43DF-AED5-41F1FF19B4F3}.Debug|Any CPU.ActiveCfg = Debug|Any CPU
		{0F9EAE6D-3AD5-43DF-AED5-41F1FF19B4F3}.Debug|Any CPU.Build.0 = Debug|Any CPU
		{0F9EAE6D-3AD5-43DF-AED5-41F1FF19B4F3}.Release|Any CPU.ActiveCfg = Release|Any CPU
		{0F9EAE6D-3AD5-43DF-AED5-41F1FF19B4F3}.Release|Any CPU.Build.0 = Release|Any CPU
		{51B2714E-8C0F-4352-AC48-32CC21808172}.Debug|Any CPU.ActiveCfg = Debug|Any CPU
		{51B2714E-8C0F-4352-AC48-32CC21808172}.Debug|Any CPU.Build.0 = Debug|Any CPU
		{51B2714E-8C0F-4352-AC48-32CC21808172}.Release|Any CPU.ActiveCfg = Release|Any CPU
		{51B2714E-8C0F-4352-AC48-32CC21808172}.Release|Any CPU.Build.0 = Release|Any CPU
		{BED5EA76-DF28-4364-B9BB-83C9F88A8ADF}.Debug|Any CPU.ActiveCfg = Debug|Any CPU
		{BED5EA76-DF28-4364-B9BB-83C9F88A8ADF}.Debug|Any CPU.Build.0 = Debug|Any CPU
		{BED5EA76-DF28-4364-B9BB-83C9F88A8ADF}.Release|Any CPU.ActiveCfg = Release|Any CPU
		{BED5EA76-DF28-4364-B9BB-83C9F88A8ADF}.Release|Any CPU.Build.0 = Release|Any CPU
		{2D266296-97BC-437D-9C3D-0B6C1EB30AD0}.Debug|Any CPU.ActiveCfg = Debug|Any CPU
		{2D266296-97BC-437D-9C3D-0B6C1EB30AD0}.Debug|Any CPU.Build.0 = Debug|Any CPU
		{2D266296-97BC-437D-9C3D-0B6C1EB30AD0}.Release|Any CPU.ActiveCfg = Release|Any CPU
		{2D266296-97BC-437D-9C3D-0B6C1EB30AD0}.Release|Any CPU.Build.0 = Release|Any CPU
		{570431CF-C5AA-4793-BFB0-B924E6DD6848}.Debug|Any CPU.ActiveCfg = Debug|Any CPU
		{570431CF-C5AA-4793-BFB0-B924E6DD6848}.Debug|Any CPU.Build.0 = Debug|Any CPU
		{570431CF-C5AA-4793-BFB0-B924E6DD6848}.Release|Any CPU.ActiveCfg = Release|Any CPU
		{570431CF-C5AA-4793-BFB0-B924E6DD6848}.Release|Any CPU.Build.0 = Release|Any CPU
		{62E5645B-657C-4BA9-B302-40ADD865D074}.Debug|Any CPU.ActiveCfg = Debug|Any CPU
		{62E5645B-657C-4BA9-B302-40ADD865D074}.Debug|Any CPU.Build.0 = Debug|Any CPU
		{62E5645B-657C-4BA9-B302-40ADD865D074}.Release|Any CPU.ActiveCfg = Release|Any CPU
		{62E5645B-657C-4BA9-B302-40ADD865D074}.Release|Any CPU.Build.0 = Release|Any CPU
		{031047EA-2224-4F49-8241-B1C538E9B781}.Debug|Any CPU.ActiveCfg = Debug|Any CPU
		{031047EA-2224-4F49-8241-B1C538E9B781}.Debug|Any CPU.Build.0 = Debug|Any CPU
		{031047EA-2224-4F49-8241-B1C538E9B781}.Release|Any CPU.ActiveCfg = Release|Any CPU
		{031047EA-2224-4F49-8241-B1C538E9B781}.Release|Any CPU.Build.0 = Release|Any CPU
		{75E56B6E-7663-4507-A431-347917E8999E}.Debug|Any CPU.ActiveCfg = Debug|Any CPU
		{75E56B6E-7663-4507-A431-347917E8999E}.Debug|Any CPU.Build.0 = Debug|Any CPU
		{75E56B6E-7663-4507-A431-347917E8999E}.Release|Any CPU.ActiveCfg = Release|Any CPU
		{75E56B6E-7663-4507-A431-347917E8999E}.Release|Any CPU.Build.0 = Release|Any CPU
		{3C6F5627-4768-4AAC-8B69-E9C6148C8023}.Debug|Any CPU.ActiveCfg = Debug|Any CPU
		{3C6F5627-4768-4AAC-8B69-E9C6148C8023}.Debug|Any CPU.Build.0 = Debug|Any CPU
		{3C6F5627-4768-4AAC-8B69-E9C6148C8023}.Release|Any CPU.ActiveCfg = Release|Any CPU
		{3C6F5627-4768-4AAC-8B69-E9C6148C8023}.Release|Any CPU.Build.0 = Release|Any CPU
		{126398F0-9C84-4B23-A593-815CDDB73150}.Debug|Any CPU.ActiveCfg = Debug|Any CPU
		{126398F0-9C84-4B23-A593-815CDDB73150}.Debug|Any CPU.Build.0 = Debug|Any CPU
		{126398F0-9C84-4B23-A593-815CDDB73150}.Release|Any CPU.ActiveCfg = Release|Any CPU
		{126398F0-9C84-4B23-A593-815CDDB73150}.Release|Any CPU.Build.0 = Release|Any CPU
		{B2BF6568-2B89-4F20-AEE0-F3E7907C5CC6}.Debug|Any CPU.ActiveCfg = Debug|Any CPU
		{B2BF6568-2B89-4F20-AEE0-F3E7907C5CC6}.Debug|Any CPU.Build.0 = Debug|Any CPU
		{B2BF6568-2B89-4F20-AEE0-F3E7907C5CC6}.Release|Any CPU.ActiveCfg = Release|Any CPU
		{B2BF6568-2B89-4F20-AEE0-F3E7907C5CC6}.Release|Any CPU.Build.0 = Release|Any CPU
		{E27C2464-7686-4256-A81D-A4F79ECC88D2}.Debug|Any CPU.ActiveCfg = Debug|Any CPU
		{E27C2464-7686-4256-A81D-A4F79ECC88D2}.Debug|Any CPU.Build.0 = Debug|Any CPU
		{E27C2464-7686-4256-A81D-A4F79ECC88D2}.Release|Any CPU.ActiveCfg = Release|Any CPU
		{E27C2464-7686-4256-A81D-A4F79ECC88D2}.Release|Any CPU.Build.0 = Release|Any CPU
		{091B66FA-DAFA-4DB3-BF6E-B8524B5679AA}.Debug|Any CPU.ActiveCfg = Debug|Any CPU
		{091B66FA-DAFA-4DB3-BF6E-B8524B5679AA}.Debug|Any CPU.Build.0 = Debug|Any CPU
		{091B66FA-DAFA-4DB3-BF6E-B8524B5679AA}.Release|Any CPU.ActiveCfg = Release|Any CPU
		{091B66FA-DAFA-4DB3-BF6E-B8524B5679AA}.Release|Any CPU.Build.0 = Release|Any CPU
		{82589589-868E-4CBD-AB9A-B9CBA1AA5F02}.Debug|Any CPU.ActiveCfg = Debug|Any CPU
		{82589589-868E-4CBD-AB9A-B9CBA1AA5F02}.Debug|Any CPU.Build.0 = Debug|Any CPU
		{82589589-868E-4CBD-AB9A-B9CBA1AA5F02}.Release|Any CPU.ActiveCfg = Release|Any CPU
		{82589589-868E-4CBD-AB9A-B9CBA1AA5F02}.Release|Any CPU.Build.0 = Release|Any CPU
		{4A03E650-5AB3-4950-ACD0-3FB6E4821EBB}.Debug|Any CPU.ActiveCfg = Debug|Any CPU
		{4A03E650-5AB3-4950-ACD0-3FB6E4821EBB}.Debug|Any CPU.Build.0 = Debug|Any CPU
		{4A03E650-5AB3-4950-ACD0-3FB6E4821EBB}.Release|Any CPU.ActiveCfg = Release|Any CPU
		{4A03E650-5AB3-4950-ACD0-3FB6E4821EBB}.Release|Any CPU.Build.0 = Release|Any CPU
		{57F5665E-021B-416D-9322-97DCCFF833D4}.Debug|Any CPU.ActiveCfg = Debug|Any CPU
		{57F5665E-021B-416D-9322-97DCCFF833D4}.Debug|Any CPU.Build.0 = Debug|Any CPU
		{57F5665E-021B-416D-9322-97DCCFF833D4}.Release|Any CPU.ActiveCfg = Release|Any CPU
		{57F5665E-021B-416D-9322-97DCCFF833D4}.Release|Any CPU.Build.0 = Release|Any CPU
		{6B20E060-220F-4012-AC65-79DD96597217}.Debug|Any CPU.ActiveCfg = Debug|Any CPU
		{6B20E060-220F-4012-AC65-79DD96597217}.Debug|Any CPU.Build.0 = Debug|Any CPU
		{6B20E060-220F-4012-AC65-79DD96597217}.Release|Any CPU.ActiveCfg = Release|Any CPU
		{6B20E060-220F-4012-AC65-79DD96597217}.Release|Any CPU.Build.0 = Release|Any CPU
		{6075A285-80DE-4B79-A114-C75E67931626}.Debug|Any CPU.ActiveCfg = Debug|Any CPU
		{6075A285-80DE-4B79-A114-C75E67931626}.Debug|Any CPU.Build.0 = Debug|Any CPU
		{6075A285-80DE-4B79-A114-C75E67931626}.Release|Any CPU.ActiveCfg = Release|Any CPU
		{6075A285-80DE-4B79-A114-C75E67931626}.Release|Any CPU.Build.0 = Release|Any CPU
		{56FF8DA6-8989-4A67-9550-3D41A6B42907}.Debug|Any CPU.ActiveCfg = Debug|Any CPU
		{56FF8DA6-8989-4A67-9550-3D41A6B42907}.Debug|Any CPU.Build.0 = Debug|Any CPU
		{56FF8DA6-8989-4A67-9550-3D41A6B42907}.Release|Any CPU.ActiveCfg = Release|Any CPU
		{56FF8DA6-8989-4A67-9550-3D41A6B42907}.Release|Any CPU.Build.0 = Release|Any CPU
		{DDCEE15E-B49F-42D4-83CB-EA8166EEC42D}.Debug|Any CPU.ActiveCfg = Debug|Any CPU
		{DDCEE15E-B49F-42D4-83CB-EA8166EEC42D}.Debug|Any CPU.Build.0 = Debug|Any CPU
		{DDCEE15E-B49F-42D4-83CB-EA8166EEC42D}.Release|Any CPU.ActiveCfg = Release|Any CPU
		{DDCEE15E-B49F-42D4-83CB-EA8166EEC42D}.Release|Any CPU.Build.0 = Release|Any CPU
		{E02F30D4-4B5C-41D3-9363-50D55010ACB3}.Debug|Any CPU.ActiveCfg = Debug|Any CPU
		{E02F30D4-4B5C-41D3-9363-50D55010ACB3}.Debug|Any CPU.Build.0 = Debug|Any CPU
		{E02F30D4-4B5C-41D3-9363-50D55010ACB3}.Release|Any CPU.ActiveCfg = Release|Any CPU
		{E02F30D4-4B5C-41D3-9363-50D55010ACB3}.Release|Any CPU.Build.0 = Release|Any CPU
		{1EA64142-B947-4CA7-8080-EDFB8201B9EF}.Debug|Any CPU.ActiveCfg = Debug|Any CPU
		{1EA64142-B947-4CA7-8080-EDFB8201B9EF}.Debug|Any CPU.Build.0 = Debug|Any CPU
		{1EA64142-B947-4CA7-8080-EDFB8201B9EF}.Release|Any CPU.ActiveCfg = Release|Any CPU
		{1EA64142-B947-4CA7-8080-EDFB8201B9EF}.Release|Any CPU.Build.0 = Release|Any CPU
		{C03A4825-ACBC-4395-8B2C-0B74CF7613DA}.Debug|Any CPU.ActiveCfg = Debug|Any CPU
		{C03A4825-ACBC-4395-8B2C-0B74CF7613DA}.Debug|Any CPU.Build.0 = Debug|Any CPU
		{C03A4825-ACBC-4395-8B2C-0B74CF7613DA}.Release|Any CPU.ActiveCfg = Release|Any CPU
		{C03A4825-ACBC-4395-8B2C-0B74CF7613DA}.Release|Any CPU.Build.0 = Release|Any CPU
		{0AE04967-50E4-4953-9767-0FA3AA757C8F}.Debug|Any CPU.ActiveCfg = Debug|Any CPU
		{0AE04967-50E4-4953-9767-0FA3AA757C8F}.Debug|Any CPU.Build.0 = Debug|Any CPU
		{0AE04967-50E4-4953-9767-0FA3AA757C8F}.Release|Any CPU.ActiveCfg = Release|Any CPU
		{0AE04967-50E4-4953-9767-0FA3AA757C8F}.Release|Any CPU.Build.0 = Release|Any CPU
	EndGlobalSection
	GlobalSection(SolutionProperties) = preSolution
		HideSolutionNode = FALSE
	EndGlobalSection
	GlobalSection(NestedProjects) = preSolution
		{5838711F-E008-4246-9BE1-E6C6688A43D7} = {09B558A7-15D0-400E-A09B-97988F7587EF}
		{DF26EE5E-1887-472B-A728-65044C760AE1} = {09B558A7-15D0-400E-A09B-97988F7587EF}
		{E6CFEF6C-1818-4074-8898-75A8E116E5EE} = {09B558A7-15D0-400E-A09B-97988F7587EF}
		{7E49F8C5-6226-4676-B6A9-9D5B195E2FC7} = {9B581E73-A58A-4664-A04F-91E5071782AA}
		{FB6DEDF8-778A-438D-A3CC-383AFB1642A0} = {9B581E73-A58A-4664-A04F-91E5071782AA}
		{1EB5F801-3BFE-4516-84C5-371DBF7034DC} = {09B558A7-15D0-400E-A09B-97988F7587EF}
		{14FC533D-D352-43DA-8D60-21E9CD3F2992} = {09B558A7-15D0-400E-A09B-97988F7587EF}
		{283DC756-5C04-4B3D-B28F-0682901A8535} = {09B558A7-15D0-400E-A09B-97988F7587EF}
		{2E800409-2FAC-4EDB-849D-628ED61171D6} = {09B558A7-15D0-400E-A09B-97988F7587EF}
		{D4FAF96A-7C52-45F1-83D4-EDBFDCB599AD} = {09B558A7-15D0-400E-A09B-97988F7587EF}
		{F575D3C4-26F6-4A91-A049-4EDF659AE936} = {09B558A7-15D0-400E-A09B-97988F7587EF}
		{0F9EAE6D-3AD5-43DF-AED5-41F1FF19B4F3} = {09B558A7-15D0-400E-A09B-97988F7587EF}
		{51B2714E-8C0F-4352-AC48-32CC21808172} = {09B558A7-15D0-400E-A09B-97988F7587EF}
		{BED5EA76-DF28-4364-B9BB-83C9F88A8ADF} = {09B558A7-15D0-400E-A09B-97988F7587EF}
		{2D266296-97BC-437D-9C3D-0B6C1EB30AD0} = {09B558A7-15D0-400E-A09B-97988F7587EF}
		{570431CF-C5AA-4793-BFB0-B924E6DD6848} = {09B558A7-15D0-400E-A09B-97988F7587EF}
		{62E5645B-657C-4BA9-B302-40ADD865D074} = {09B558A7-15D0-400E-A09B-97988F7587EF}
		{031047EA-2224-4F49-8241-B1C538E9B781} = {7D32B1E5-4ED2-49F7-A4B4-B9ADF663C9BE}
		{75E56B6E-7663-4507-A431-347917E8999E} = {7D32B1E5-4ED2-49F7-A4B4-B9ADF663C9BE}
		{3C6F5627-4768-4AAC-8B69-E9C6148C8023} = {7D32B1E5-4ED2-49F7-A4B4-B9ADF663C9BE}
		{126398F0-9C84-4B23-A593-815CDDB73150} = {7D32B1E5-4ED2-49F7-A4B4-B9ADF663C9BE}
		{B2BF6568-2B89-4F20-AEE0-F3E7907C5CC6} = {7D32B1E5-4ED2-49F7-A4B4-B9ADF663C9BE}
		{E27C2464-7686-4256-A81D-A4F79ECC88D2} = {7D32B1E5-4ED2-49F7-A4B4-B9ADF663C9BE}
		{091B66FA-DAFA-4DB3-BF6E-B8524B5679AA} = {7D32B1E5-4ED2-49F7-A4B4-B9ADF663C9BE}
		{82589589-868E-4CBD-AB9A-B9CBA1AA5F02} = {09B558A7-15D0-400E-A09B-97988F7587EF}
		{4A03E650-5AB3-4950-ACD0-3FB6E4821EBB} = {9B581E73-A58A-4664-A04F-91E5071782AA}
		{57F5665E-021B-416D-9322-97DCCFF833D4} = {09B558A7-15D0-400E-A09B-97988F7587EF}
		{6B20E060-220F-4012-AC65-79DD96597217} = {09B558A7-15D0-400E-A09B-97988F7587EF}
		{6075A285-80DE-4B79-A114-C75E67931626} = {9B581E73-A58A-4664-A04F-91E5071782AA}
		{56FF8DA6-8989-4A67-9550-3D41A6B42907} = {09B558A7-15D0-400E-A09B-97988F7587EF}
		{DDCEE15E-B49F-42D4-83CB-EA8166EEC42D} = {09B558A7-15D0-400E-A09B-97988F7587EF}
		{E02F30D4-4B5C-41D3-9363-50D55010ACB3} = {09B558A7-15D0-400E-A09B-97988F7587EF}
		{1EA64142-B947-4CA7-8080-EDFB8201B9EF} = {9B581E73-A58A-4664-A04F-91E5071782AA}
		{C03A4825-ACBC-4395-8B2C-0B74CF7613DA} = {09B558A7-15D0-400E-A09B-97988F7587EF}
		{0AE04967-50E4-4953-9767-0FA3AA757C8F} = {7D32B1E5-4ED2-49F7-A4B4-B9ADF663C9BE}
	EndGlobalSection
	GlobalSection(ExtensibilityGlobals) = postSolution
		SolutionGuid = {0CCBB125-A93E-492A-BC32-65E01FD378A3}
	EndGlobalSection
EndGlobal
