{
  "version": 1,
  "dependencies": {
    ".NETCoreApp,Version=v3.1": {
      "AWSSDK.S3": {
        "type": "Direct",
        "requested": "[3.3.110.34, )",
        "resolved": "3.3.110.34",
        "contentHash": "Ei8+Xoukzgn1SPkv+aqumUeisKHspsprKfLiglgVXPY6+l4fsDSNFiuAsMPo3aHhZ4g+vuMCMMQ53mWtgzY4+Q==",
        "dependencies": {
          "AWSSDK.Core": "[3.3.104.36, 3.4.0)"
        }
      },
      "AWSSDK.SecretsManager.Caching": {
        "type": "Direct",
        "requested": "[1.0.3, )",
        "resolved": "1.0.3",
        "contentHash": "YlOowJa9tGWtMseDGP/SMHHwCYJy65amH5Mh9qKEchBsG2InYvwzJ2taoilVjcD7zmzJnA34SOs5/UvGLP5kFA==",
        "dependencies": {
          "AWSSDK.SecretsManager": "3.3.100.10",
          "Microsoft.Extensions.Caching.Memory": "2.2.0"
        }
      },
      "FSharp.Core": {
        "type": "Direct",
        "requested": "[5.0.0, )",
        "resolved": "5.0.0",
        "contentHash": "iHoYXA0VaSQUONGENB1aVafjDDZDZpwu39MtaRCTrmwFW/cTcK0b2yKNVYneFHJMc3ChtsSoM9lNtJ1dYXkHfA=="
      },
      "FSharp.Data": {
        "type": "Direct",
        "requested": "[3.3.3, )",
        "resolved": "3.3.3",
        "contentHash": "O+fV9oPNktESFngvTzPIQUhTdQGNX0XYXToL1l7+3jE46Y7tp8Ux4FkTMzj8wa8QV07l4sY4pJ7bBppGDi3Lsw==",
        "dependencies": {
          "FSharp.Core": "4.3.4"
        }
      },
      "AWSSDK.Core": {
        "type": "Transitive",
        "resolved": "3.3.104.36",
        "contentHash": "OmrwG3wCA7+AiIh4FJ/xpfzJ1WHNWnYt8lk7LrCNYOOAwYLdCEYUcdNa2Tnb9ap83hZNmiTO9mDXJNYms2gbFQ=="
      },
      "AWSSDK.SecretsManager": {
        "type": "Transitive",
        "resolved": "3.3.100.10",
        "contentHash": "hImw68WzSyv3gatAmARolyqUhcBXkqy3jEYa0FTIrmc3dYE5jyM89/uviyrmCYfrclQnCtou80Sapq5RZWXbcQ==",
        "dependencies": {
          "AWSSDK.Core": "[3.3.101.1, 3.4.0)"
        }
      },
      "Microsoft.Extensions.Caching.Abstractions": {
        "type": "Transitive",
        "resolved": "2.2.0",
        "contentHash": "spsJkYo8gGJapaxTSQFN/wqA+ghpJMLwB4ZyTB+fSdpd7AmMFP/YSpIcGmczcw4KggpxLGhLk7lCkSIlgvHaqQ==",
        "dependencies": {
          "Microsoft.Extensions.Primitives": "2.2.0"
        }
      },
      "Microsoft.Extensions.Caching.Memory": {
        "type": "Transitive",
        "resolved": "2.2.0",
        "contentHash": "yFs44RzB2Pzfoj4uk+mEz3MTTQKyeWb8gDhv5GyVPfHnLv0eQhGwzbw/5WpxAcVyOgG/H3/0ULY6g0/7/B+r7w==",
        "dependencies": {
          "Microsoft.Extensions.Caching.Abstractions": "2.2.0",
          "Microsoft.Extensions.DependencyInjection.Abstractions": "2.2.0",
          "Microsoft.Extensions.Options": "2.2.0"
        }
      },
      "Microsoft.Extensions.DependencyInjection.Abstractions": {
        "type": "Transitive",
        "resolved": "2.2.0",
        "contentHash": "f9hstgjVmr6rmrfGSpfsVOl2irKAgr1QjrSi3FgnS7kulxband50f2brRLwySAQTADPZeTdow0mpSMcoAdadCw=="
      },
      "Microsoft.Extensions.Options": {
        "type": "Transitive",
        "resolved": "2.2.0",
        "contentHash": "UpZLNLBpIZ0GTebShui7xXYh6DmBHjWM8NxGxZbdQh/bPZ5e6YswqI+bru6BnEL5eWiOdodsXtEz3FROcgi/qg==",
        "dependencies": {
          "Microsoft.Extensions.DependencyInjection.Abstractions": "2.2.0",
          "Microsoft.Extensions.Primitives": "2.2.0",
          "System.ComponentModel.Annotations": "4.5.0"
        }
      },
      "Microsoft.Extensions.Primitives": {
        "type": "Transitive",
        "resolved": "2.2.0",
        "contentHash": "azyQtqbm4fSaDzZHD/J+V6oWMFaf2tWP4WEGIYePLCMw3+b2RQdj9ybgbQyjCshcitQKQ4lEDOZjmSlTTrHxUg==",
        "dependencies": {
          "System.Memory": "4.5.1",
          "System.Runtime.CompilerServices.Unsafe": "4.5.1"
        }
      },
      "System.ComponentModel.Annotations": {
        "type": "Transitive",
        "resolved": "4.5.0",
        "contentHash": "UxYQ3FGUOtzJ7LfSdnYSFd7+oEv6M8NgUatatIN2HxNtDdlcvFAf+VIq4Of9cDMJEJC0aSRv/x898RYhB4Yppg=="
      },
      "System.Memory": {
        "type": "Transitive",
        "resolved": "4.5.1",
        "contentHash": "sDJYJpGtTgx+23Ayu5euxG5mAXWdkDb4+b0rD0Cab0M1oQS9H0HXGPriKcqpXuiJDTV7fTp/d+fMDJmnr6sNvA=="
      },
      "System.Runtime.CompilerServices.Unsafe": {
        "type": "Transitive",
        "resolved": "4.5.1",
        "contentHash": "Zh8t8oqolRaFa9vmOZfdQm/qKejdqz0J9kr7o2Fu0vPeoH3BL1EOXipKWwkWtLT1JPzjByrF19fGuFlNbmPpiw=="
      }
    }
  }
}