{
  "name": "organisationtransfer",
  "version": "1.0.0",
  "lockfileVersion": 1,
  "requires": true,
  "dependencies": {
    "buffer-equal-constant-time": {
      "version": "1.0.1",
      "resolved": "https://vrk-artifactory-01.eden.csc.fi:443/api/npm/npm-virtual/buffer-equal-constant-time/-/buffer-equal-constant-time-1.0.1.tgz",
      "integrity": "sha1-+OcRMvf/5uAaXJaXpMbz5I1cyBk="
    },
    "data-uri-to-buffer": {
      "version": "4.0.0",
      "resolved": "https://vrk-artifactory-01.eden.csc.fi:443/api/npm/npm-virtual/data-uri-to-buffer/-/data-uri-to-buffer-4.0.0.tgz",
      "integrity": "sha1-tdtGrqUPYXZCisBbc745pXcBpks="
    },
    "dotenv": {
      "version": "16.0.0",
      "resolved": "https://vrk-artifactory-01.eden.csc.fi:443/api/npm/npm-virtual/dotenv/-/dotenv-16.0.0.tgz",
      "integrity": "sha1-xhkAElO+ieu2ONAntgnHXCbkdBE="
    },
    "ecdsa-sig-formatter": {
      "version": "1.0.11",
      "resolved": "https://vrk-artifactory-01.eden.csc.fi:443/api/npm/npm-virtual/ecdsa-sig-formatter/-/ecdsa-sig-formatter-1.0.11.tgz",
      "integrity": "sha1-rg8PothQRe8UqBfao86azQSJ5b8=",
      "requires": {
        "safe-buffer": "^5.0.1"
      }
    },
    "fetch-blob": {
      "version": "3.1.4",
      "resolved": "https://vrk-artifactory-01.eden.csc.fi:443/api/npm/npm-virtual/fetch-blob/-/fetch-blob-3.1.4.tgz",
      "integrity": "sha1-6MZWf4Ctf8Iv0wLn3Lcrr96cFxc=",
      "requires": {
        "node-domexception": "^1.0.0",
        "web-streams-polyfill": "^3.0.3"
      }
    },
    "formdata-polyfill": {
      "version": "4.0.10",
      "resolved": "https://vrk-artifactory-01.eden.csc.fi:443/api/npm/npm-virtual/formdata-polyfill/-/formdata-polyfill-4.0.10.tgz",
      "integrity": "sha1-JIB8McnUAuACqz2McgFEzriEhCM=",
      "requires": {
        "fetch-blob": "^3.1.2"
      }
    },
    "jsonwebtoken": {
      "version": "8.5.1",
      "resolved": "https://vrk-artifactory-01.eden.csc.fi:443/api/npm/npm-virtual/jsonwebtoken/-/jsonwebtoken-8.5.1.tgz",
      "integrity": "sha1-AOceC431TCEhofJhN98igGc7zA0=",
      "requires": {
        "jws": "^3.2.2",
        "lodash.includes": "^4.3.0",
        "lodash.isboolean": "^3.0.3",
        "lodash.isinteger": "^4.0.4",
        "lodash.isnumber": "^3.0.3",
        "lodash.isplainobject": "^4.0.6",
        "lodash.isstring": "^4.0.1",
        "lodash.once": "^4.0.0",
        "ms": "^2.1.1",
        "semver": "^5.6.0"
      }
    },
    "jwa": {
      "version": "1.4.1",
      "resolved": "https://vrk-artifactory-01.eden.csc.fi:443/api/npm/npm-virtual/jwa/-/jwa-1.4.1.tgz",
      "integrity": "sha1-dDwymFy56YZVUw1TZBtmyGRbA5o=",
      "requires": {
        "buffer-equal-constant-time": "1.0.1",
        "ecdsa-sig-formatter": "1.0.11",
        "safe-buffer": "^5.0.1"
      }
    },
    "jws": {
      "version": "3.2.2",
      "resolved": "https://vrk-artifactory-01.eden.csc.fi:443/api/npm/npm-virtual/jws/-/jws-3.2.2.tgz",
      "integrity": "sha1-ABCZ82OUaMlBQADpmZX6UvtHgwQ=",
      "requires": {
        "jwa": "^1.4.1",
        "safe-buffer": "^5.0.1"
      }
    },
    "lodash": {
      "version": "4.17.21",
      "resolved": "https://vrk-artifactory-01.eden.csc.fi:443/api/npm/npm-virtual/lodash/-/lodash-4.17.21.tgz",
      "integrity": "sha1-Z5WRxWTDv/quhFTPCz3zcMPWkRw="
    },
    "lodash.includes": {
      "version": "4.3.0",
      "resolved": "https://vrk-artifactory-01.eden.csc.fi:443/api/npm/npm-virtual/lodash.includes/-/lodash.includes-4.3.0.tgz",
      "integrity": "sha1-YLuYqHy5I8aMoeUTJUgzFISfVT8="
    },
    "lodash.isboolean": {
      "version": "3.0.3",
      "resolved": "https://vrk-artifactory-01.eden.csc.fi:443/api/npm/npm-virtual/lodash.isboolean/-/lodash.isboolean-3.0.3.tgz",
      "integrity": "sha1-bC4XHbKiV82WgC/UOwGyDV9YcPY="
    },
    "lodash.isinteger": {
      "version": "4.0.4",
      "resolved": "https://vrk-artifactory-01.eden.csc.fi:443/api/npm/npm-virtual/lodash.isinteger/-/lodash.isinteger-4.0.4.tgz",
      "integrity": "sha1-YZwK89A/iwTDH1iChAt3sRzWg0M="
    },
    "lodash.isnumber": {
      "version": "3.0.3",
      "resolved": "https://vrk-artifactory-01.eden.csc.fi:443/api/npm/npm-virtual/lodash.isnumber/-/lodash.isnumber-3.0.3.tgz",
      "integrity": "sha1-POdoEMWSjQM1IwGsKHMX8RwLH/w="
    },
    "lodash.isplainobject": {
      "version": "4.0.6",
      "resolved": "https://vrk-artifactory-01.eden.csc.fi:443/api/npm/npm-virtual/lodash.isplainobject/-/lodash.isplainobject-4.0.6.tgz",
      "integrity": "sha1-fFJqUtibRcRcxpC4gWO+BJf1UMs="
    },
    "lodash.isstring": {
      "version": "4.0.1",
      "resolved": "https://vrk-artifactory-01.eden.csc.fi:443/api/npm/npm-virtual/lodash.isstring/-/lodash.isstring-4.0.1.tgz",
      "integrity": "sha1-1SfftUVuynzJu5XV2ur4i6VKVFE="
    },
    "lodash.once": {
      "version": "4.1.1",
      "resolved": "https://vrk-artifactory-01.eden.csc.fi:443/api/npm/npm-virtual/lodash.once/-/lodash.once-4.1.1.tgz",
      "integrity": "sha1-DdOXEhPHxW34gJd9UEyI+0cal6w="
    },
    "ms": {
      "version": "2.1.3",
      "resolved": "https://vrk-artifactory-01.eden.csc.fi:443/api/npm/npm-virtual/ms/-/ms-2.1.3.tgz",
      "integrity": "sha1-V0yBOM4dK1hh8LRFedut1gxmFbI="
    },
    "node-domexception": {
      "version": "1.0.0",
      "resolved": "https://vrk-artifactory-01.eden.csc.fi:443/api/npm/npm-virtual/node-domexception/-/node-domexception-1.0.0.tgz",
      "integrity": "sha1-aIjbRqH3HAt2s/dVUBa2P+ZHZuU="
    },
    "node-fetch": {
      "version": "3.2.0",
      "resolved": "https://vrk-artifactory-01.eden.csc.fi:443/api/npm/npm-virtual/node-fetch/-/node-fetch-3.2.0.tgz",
      "integrity": "sha1-WTkNtOSJGE+jXUt0yvVRDo37rzs=",
      "requires": {
        "data-uri-to-buffer": "^4.0.0",
        "fetch-blob": "^3.1.4",
        "formdata-polyfill": "^4.0.10"
      }
    },
    "safe-buffer": {
      "version": "5.2.1",
      "resolved": "https://vrk-artifactory-01.eden.csc.fi:443/api/npm/npm-virtual/safe-buffer/-/safe-buffer-5.2.1.tgz",
      "integrity": "sha1-Hq+fqb2x/dTsdfWPnNtOa3gn7sY="
    },
    "semver": {
      "version": "5.7.1",
      "resolved": "https://vrk-artifactory-01.eden.csc.fi:443/api/npm/npm-virtual/semver/-/semver-5.7.1.tgz",
      "integrity": "sha1-qVT5Ma66UI0we78Gnv8MAclhFvc="
    },
    "web-streams-polyfill": {
      "version": "3.2.0",
      "resolved": "https://vrk-artifactory-01.eden.csc.fi:443/api/npm/npm-virtual/web-streams-polyfill/-/web-streams-polyfill-3.2.0.tgz",
      "integrity": "sha1-prdAJrOOSIWGn7XFiekLlcz8eWU="
    }
  }
}
